<?xml version="1.0" encoding="utf-8"?>
<Project ToolsVersion="4.0" xmlns="http://schemas.microsoft.com/developer/msbuild/2003">
  <ItemGroup>
    <Filter Include="ソース ファイル">
      <UniqueIdentifier>{4FC737F1-C7A5-4376-A066-2A32D752A2FF}</UniqueIdentifier>
      <Extensions>cpp;c;cc;cxx;def;odl;idl;hpj;bat;asm;asmx</Extensions>
    </Filter>
    <Filter Include="ヘッダー ファイル">
      <UniqueIdentifier>{93995380-89BD-4b04-88EB-625FBE52EBFB}</UniqueIdentifier>
      <Extensions>h;hh;hpp;hxx;hm;inl;inc;xsd</Extensions>
    </Filter>
    <Filter Include="リソース ファイル">
      <UniqueIdentifier>{67DA6AB6-F800-4c08-8B7A-83BB121AAD01}</UniqueIdentifier>
      <Extensions>rc;ico;cur;bmp;dlg;rc2;rct;bin;rgs;gif;jpg;jpeg;jpe;resx;tiff;tif;png;wav;mfcribbon-ms</Extensions>
    </Filter>
    <Filter Include="ソース ファイル\debug">
      <UniqueIdentifier>{b35de9d3-d842-46ba-98fd-02fee6c24c27}</UniqueIdentifier>
    </Filter>
    <Filter Include="ソース ファイル\mode">
      <UniqueIdentifier>{f6d83e54-f061-4b74-a849-092992040f3c}</UniqueIdentifier>
    </Filter>
    <Filter Include="ソース ファイル\system">
      <UniqueIdentifier>{1f627334-1135-4036-9246-0406b064bb8a}</UniqueIdentifier>
    </Filter>
    <Filter Include="ソース ファイル\data">
      <UniqueIdentifier>{e50449b1-0016-48a2-8e4e-d0e143321dbe}</UniqueIdentifier>
    </Filter>
    <Filter Include="ソース ファイル\ui">
      <UniqueIdentifier>{03d7e8fe-5d2d-45ea-961f-223e33e17434}</UniqueIdentifier>
    </Filter>
    <Filter Include="ソース ファイル\object">
      <UniqueIdentifier>{260dd8e0-c097-4c92-8e4c-a7c923d513e2}</UniqueIdentifier>
    </Filter>
    <Filter Include="ソース ファイル\effect">
      <UniqueIdentifier>{5533bc11-92c2-4b6a-a3fe-a368ebc70f51}</UniqueIdentifier>
    </Filter>
    <Filter Include="ソース ファイル\player">
      <UniqueIdentifier>{c8ec6fda-6769-4bfd-b108-76bccc39f2e8}</UniqueIdentifier>
    </Filter>
    <Filter Include="ソース ファイル\input">
      <UniqueIdentifier>{20e4a274-359f-4d78-8e5f-8ceae8e61309}</UniqueIdentifier>
    </Filter>
    <Filter Include="ソース ファイル\enemy">
      <UniqueIdentifier>{09967577-ddf5-4a97-8dc9-3517944890ca}</UniqueIdentifier>
    </Filter>
    <Filter Include="ソース ファイル\json">
      <UniqueIdentifier>{a676ac79-473d-41f5-803b-42ae1578f764}</UniqueIdentifier>
    </Filter>
  </ItemGroup>
  <ItemGroup>
    <ClInclude Include="utility.h">
      <Filter>ソース ファイル</Filter>
    </ClInclude>
    <ClInclude Include="fade.h">
      <Filter>ソース ファイル</Filter>
    </ClInclude>
    <ClInclude Include="main.h">
      <Filter>ソース ファイル</Filter>
    </ClInclude>
    <ClInclude Include="manager.h">
      <Filter>ソース ファイル</Filter>
    </ClInclude>
    <ClInclude Include="number.h">
      <Filter>ソース ファイル</Filter>
    </ClInclude>
    <ClInclude Include="pause.h">
      <Filter>ソース ファイル</Filter>
    </ClInclude>
    <ClInclude Include="precompile.h">
      <Filter>ソース ファイル</Filter>
    </ClInclude>
    <ClInclude Include="renderer.h">
      <Filter>ソース ファイル</Filter>
    </ClInclude>
    <ClInclude Include="debug_proc.h">
      <Filter>ソース ファイル\debug</Filter>
    </ClInclude>
    <ClInclude Include="DirectInput.h">
      <Filter>ソース ファイル\input</Filter>
    </ClInclude>
    <ClInclude Include="input.h">
      <Filter>ソース ファイル\input</Filter>
    </ClInclude>
    <ClInclude Include="inputjoypad.h">
      <Filter>ソース ファイル\input</Filter>
    </ClInclude>
    <ClInclude Include="inputkeyboard.h">
      <Filter>ソース ファイル\input</Filter>
    </ClInclude>
    <ClInclude Include="inputkeydata.h">
      <Filter>ソース ファイル\input</Filter>
    </ClInclude>
    <ClInclude Include="inputmouse.h">
      <Filter>ソース ファイル\input</Filter>
    </ClInclude>
    <ClInclude Include="game.h">
      <Filter>ソース ファイル\mode</Filter>
    </ClInclude>
    <ClInclude Include="game_mode.h">
      <Filter>ソース ファイル\mode</Filter>
    </ClInclude>
    <ClInclude Include="ranking.h">
      <Filter>ソース ファイル\mode</Filter>
    </ClInclude>
    <ClInclude Include="result.h">
      <Filter>ソース ファイル\mode</Filter>
    </ClInclude>
    <ClInclude Include="title.h">
      <Filter>ソース ファイル\mode</Filter>
    </ClInclude>
    <ClInclude Include="tutorial.h">
      <Filter>ソース ファイル\mode</Filter>
    </ClInclude>
    <ClInclude Include="texture.h">
      <Filter>ソース ファイル\data</Filter>
    </ClInclude>
    <ClInclude Include="sound.h">
      <Filter>ソース ファイル\data</Filter>
    </ClInclude>
    <ClInclude Include="model_data.h">
      <Filter>ソース ファイル\data</Filter>
    </ClInclude>
    <ClInclude Include="mesh_sky.h">
      <Filter>ソース ファイル\object</Filter>
    </ClInclude>
    <ClInclude Include="model.h">
      <Filter>ソース ファイル\object</Filter>
    </ClInclude>
    <ClInclude Include="object.h">
      <Filter>ソース ファイル\object</Filter>
    </ClInclude>
    <ClInclude Include="object2D.h">
      <Filter>ソース ファイル\object</Filter>
    </ClInclude>
    <ClInclude Include="object3D.h">
      <Filter>ソース ファイル\object</Filter>
    </ClInclude>
    <ClInclude Include="objectX.h">
      <Filter>ソース ファイル\object</Filter>
    </ClInclude>
    <ClInclude Include="camera.h">
      <Filter>ソース ファイル\system</Filter>
    </ClInclude>
    <ClInclude Include="light.h">
      <Filter>ソース ファイル\system</Filter>
    </ClInclude>
    <ClInclude Include="score.h">
      <Filter>ソース ファイル\ui</Filter>
    </ClInclude>
    <ClInclude Include="timer.h">
      <Filter>ソース ファイル\ui</Filter>
    </ClInclude>
    <ClInclude Include="particle.h">
      <Filter>ソース ファイル\effect</Filter>
    </ClInclude>
    <ClInclude Include="silhouette.h">
      <Filter>ソース ファイル\effect</Filter>
    </ClInclude>
    <ClInclude Include="shadow.h">
      <Filter>ソース ファイル\effect</Filter>
    </ClInclude>
    <ClInclude Include="meshfield.h">
      <Filter>ソース ファイル\object</Filter>
    </ClInclude>
    <ClInclude Include="player.h">
      <Filter>ソース ファイル\player</Filter>
    </ClInclude>
    <ClInclude Include="effect_field.h">
      <Filter>ソース ファイル\effect</Filter>
    </ClInclude>
    <ClInclude Include="trajectory_effect.h">
      <Filter>ソース ファイル\effect</Filter>
    </ClInclude>
    <ClInclude Include="enemy.h">
      <Filter>ソース ファイル\enemy</Filter>
    </ClInclude>
    <ClInclude Include="enemy_manager.h">
      <Filter>ソース ファイル\enemy</Filter>
    </ClInclude>
    <ClInclude Include="enemy.h">
      <Filter>ヘッダー ファイル</Filter>
    </ClInclude>
    <ClInclude Include="score_game.h">
      <Filter>ソース ファイル\ui</Filter>
    </ClInclude>
    <ClInclude Include="effect_dead.h">
      <Filter>ソース ファイル\effect</Filter>
    </ClInclude>
    <ClInclude Include="enemy_advent_effect.h">
      <Filter>ソース ファイル\enemy</Filter>
    </ClInclude>
    <ClInclude Include="wall_hit_effect.h">
      <Filter>ソース ファイル\effect</Filter>
    </ClInclude>
    <ClInclude Include="add_score_effect.h">
      <Filter>ソース ファイル\effect</Filter>
    </ClInclude>
  </ItemGroup>
  <ItemGroup>
    <ClCompile Include="utility.cpp">
      <Filter>ソース ファイル</Filter>
    </ClCompile>
    <ClCompile Include="fade.cpp">
      <Filter>ソース ファイル</Filter>
    </ClCompile>
    <ClCompile Include="main.cpp">
      <Filter>ソース ファイル</Filter>
    </ClCompile>
    <ClCompile Include="manager.cpp">
      <Filter>ソース ファイル</Filter>
    </ClCompile>
    <ClCompile Include="number.cpp">
      <Filter>ソース ファイル</Filter>
    </ClCompile>
    <ClCompile Include="pause.cpp">
      <Filter>ソース ファイル</Filter>
    </ClCompile>
    <ClCompile Include="precompile.cpp">
      <Filter>ソース ファイル</Filter>
    </ClCompile>
    <ClCompile Include="renderer.cpp">
      <Filter>ソース ファイル</Filter>
    </ClCompile>
    <ClCompile Include="debug_proc.cpp">
      <Filter>ソース ファイル\debug</Filter>
    </ClCompile>
    <ClCompile Include="DirectInput.cpp">
      <Filter>ソース ファイル\input</Filter>
    </ClCompile>
    <ClCompile Include="input.cpp">
      <Filter>ソース ファイル\input</Filter>
    </ClCompile>
    <ClCompile Include="inputjoypad.cpp">
      <Filter>ソース ファイル\input</Filter>
    </ClCompile>
    <ClCompile Include="inputkeyboard .cpp">
      <Filter>ソース ファイル\input</Filter>
    </ClCompile>
    <ClCompile Include="inputmouse.cpp">
      <Filter>ソース ファイル\input</Filter>
    </ClCompile>
    <ClCompile Include="game.cpp">
      <Filter>ソース ファイル\mode</Filter>
    </ClCompile>
    <ClCompile Include="game_mode.cpp">
      <Filter>ソース ファイル\mode</Filter>
    </ClCompile>
    <ClCompile Include="ranking.cpp">
      <Filter>ソース ファイル\mode</Filter>
    </ClCompile>
    <ClCompile Include="result.cpp">
      <Filter>ソース ファイル\mode</Filter>
    </ClCompile>
    <ClCompile Include="title.cpp">
      <Filter>ソース ファイル\mode</Filter>
    </ClCompile>
    <ClCompile Include="tutorial.cpp">
      <Filter>ソース ファイル\mode</Filter>
    </ClCompile>
    <ClCompile Include="texture.cpp">
      <Filter>ソース ファイル\data</Filter>
    </ClCompile>
    <ClCompile Include="sound.cpp">
      <Filter>ソース ファイル\data</Filter>
    </ClCompile>
    <ClCompile Include="model_data.cpp">
      <Filter>ソース ファイル\data</Filter>
    </ClCompile>
    <ClCompile Include="mesh_sky.cpp">
      <Filter>ソース ファイル\object</Filter>
    </ClCompile>
    <ClCompile Include="model.cpp">
      <Filter>ソース ファイル\object</Filter>
    </ClCompile>
    <ClCompile Include="object.cpp">
      <Filter>ソース ファイル\object</Filter>
    </ClCompile>
    <ClCompile Include="object2D.cpp">
      <Filter>ソース ファイル\object</Filter>
    </ClCompile>
    <ClCompile Include="object3D.cpp">
      <Filter>ソース ファイル\object</Filter>
    </ClCompile>
    <ClCompile Include="objectX.cpp">
      <Filter>ソース ファイル\object</Filter>
    </ClCompile>
    <ClCompile Include="camera.cpp">
      <Filter>ソース ファイル\system</Filter>
    </ClCompile>
    <ClCompile Include="light.cpp">
      <Filter>ソース ファイル\system</Filter>
    </ClCompile>
    <ClCompile Include="score.cpp">
      <Filter>ソース ファイル\ui</Filter>
    </ClCompile>
    <ClCompile Include="timer.cpp">
      <Filter>ソース ファイル\ui</Filter>
    </ClCompile>
    <ClCompile Include="particle.cpp">
      <Filter>ソース ファイル\effect</Filter>
    </ClCompile>
    <ClCompile Include="silhouette.cpp">
      <Filter>ソース ファイル\effect</Filter>
    </ClCompile>
    <ClCompile Include="shadow.cpp">
      <Filter>ソース ファイル\effect</Filter>
    </ClCompile>
    <ClCompile Include="meshfield.cpp">
      <Filter>ソース ファイル\object</Filter>
    </ClCompile>
    <ClCompile Include="effect_field.cpp">
      <Filter>ソース ファイル\effect</Filter>
    </ClCompile>
    <ClCompile Include="trajectory_effect.cpp">
      <Filter>ソース ファイル\effect</Filter>
    </ClCompile>
    <ClCompile Include="enemy.cpp">
      <Filter>ソース ファイル\enemy</Filter>
    </ClCompile>
    <ClCompile Include="enemy_manager.cpp">
      <Filter>ソース ファイル\enemy</Filter>
    </ClCompile>
    <ClCompile Include="enemy.cpp">
      <Filter>ソース ファイル</Filter>
    </ClCompile>
    <ClCompile Include="player.cpp">
      <Filter>ソース ファイル\player</Filter>
    </ClCompile>
    <ClCompile Include="score_game.cpp">
      <Filter>ソース ファイル\ui</Filter>
    </ClCompile>
    <ClCompile Include="effect_dead.cpp">
      <Filter>ソース ファイル\effect</Filter>
    </ClCompile>
    <ClCompile Include="enemy_advent_effect.cpp">
      <Filter>ソース ファイル\enemy</Filter>
    </ClCompile>
    <ClCompile Include="wall_hit_effect.cpp">
      <Filter>ソース ファイル\effect</Filter>
    </ClCompile>
    <ClCompile Include="add_score_effect.cpp">
      <Filter>ソース ファイル\effect</Filter>
    </ClCompile>
    <ClCompile Include="player.cpp">
      <Filter>ソース ファイル\player</Filter>
    </ClCompile>
  </ItemGroup>
  <ItemGroup>
    <None Include="data\FILE\ranking.json">
      <Filter>ソース ファイル\json</Filter>
    </None>
  </ItemGroup>
</Project>